
Microsoft Visual Studio Solution File, Format Version 12.00
# Visual Studio Version 17
VisualStudioVersion = 17.9.34714.143
MinimumVisualStudioVersion = 10.0.40219.1
Project("{9A19103F-16F7-4668-BE54-9A1E7A4F7556}") = "retailshop", "retailshop\retailshop.csproj", "{745EE45E-9A20-4162-92FC-E76936C70BCD}"
EndProject
Global
	GlobalSection(SolutionConfigurationPlatforms) = preSolution
		Debug|Any CPU = Debug|Any CPU
		Release|Any CPU = Release|Any CPU
	EndGlobalSection
	GlobalSection(ProjectConfigurationPlatforms) = postSolution
		{745EE45E-9A20-4162-92FC-E76936C70BCD}.Debug|Any CPU.ActiveCfg = Debug|Any CPU
		{745EE45E-9A20-4162-92FC-E76936C70BCD}.Debug|Any CPU.Build.0 = Debug|Any CPU
		{745EE45E-9A20-4162-92FC-E76936C70BCD}.Release|Any CPU.ActiveCfg = Release|Any CPU
		{745EE45E-9A20-4162-92FC-E76936C70BCD}.Release|Any CPU.Build.0 = Release|Any CPU
	EndGlobalSection
	GlobalSection(SolutionProperties) = preSolution
		HideSolutionNode = FALSE
	EndGlobalSection
	GlobalSection(ExtensibilityGlobals) = postSolution
		SolutionGuid = {724EAF12-4032-4AE3-9C9F-5128D250BFE2}
	EndGlobalSection
EndGlobal
